{
  "lockfileVersion": 1,
  "configVersion": 1,
  "workspaces": {
    "": {
      "name": "@1-/gitsql",
      "dependencies": {
        "@3-/log": "^0.1.9",
      },
    },
  },
  "packages": {
    "@3-/log": ["@3-/log@0.1.9", "", {}, "sha512-1TBShxjf2FjkzOByfC3TEmBLhypP9uMZMb2fQ2+BcC1gJ6s5SI9MP7soajHhFjd9yqj1u337euQB06ITY31FFA=="],
  }
}
