{
  "lockfileVersion": 1,
  "configVersion": 1,
  "workspaces": {
    "": {
      "name": "@1-/scan",
      "dependencies": {
        "@1-/hash": "^0.1.0",
        "@1-/sqlite": "^0.1.1",
        "@1-/upsert_gitignore": "^0.1.4",
        "@3-/binmap": "^0.1.20",
        "@3-/binset": "^0.1.6",
        "@3-/int": "^0.1.1",
        "@3-/plimit": "^0.1.3",
        "@3-/u8": "^0.1.2",
        "@3-/vb": "^0.1.6",
      },
      "devDependencies": {
        "@1-/read": "^0.1.1",
      },
    },
  },
  "packages": {
    "@1-/hash": ["@1-/hash@0.1.0", "", { "peerDependencies": { "@3-/utf8": "^0.1.1" } }, "sha512-AiU3EKAwHA1ggBlVxPDpe5shYHYuzaolOrodtCxgLZaxKICjTCdh/vagv95+sUd/+V4RBjAMGvyk44ThZFpAqw=="],

    "@1-/read": ["@1-/read@0.1.1", "", {}, "sha512-Zz2eYvS6cQSTgOJkjEaB/4lk/0RUD8vJOhlw9nmubVT2ZqfSZmQ+YAr5XXIm75Bv375U6jsbh2BNPvzvWNvKYg=="],

    "@1-/sqlite": ["@1-/sqlite@0.1.1", "", {}, "sha512-uBhs1BtFTb75eHE97c+PRKGozcbbFaxOJzsG7+d4Zzf+GA1eEVh3/ZVkCvWV7LtEUQU50mccsNDwvZB7Ybmsdw=="],

    "@1-/upsert_gitignore": ["@1-/upsert_gitignore@0.1.4", "", { "dependencies": { "@3-/txt_li": "^0.1.8", "@3-/write": "^0.0.2" } }, "sha512-uTm4GXk9vUN/KdnRygZPde54cqPuZ+nnBMMF8PAU2sTTWQixGda8T9hQkrs3usZP9NAYefDhPj9wG5TVD3ml1A=="],

    "@3-/binmap": ["@3-/binmap@0.1.20", "", {}, "sha512-Eg2KzCJdvSnNSIgiTqFfWltr6QAdUUlAqr+uig2L8SHKQurGQ6nH2BKJA/c6sdVujizRtUcIGisxFblnOnCS2g=="],

    "@3-/binset": ["@3-/binset@0.1.6", "", {}, "sha512-CijNccQLleXH3KXGnSYXlBXnanDG71ZRFZXND5W3oGyBLiGMzjOKGAFf9pY9FDLjKaX+UmyCM7AOMdYZv9/Hfg=="],

    "@3-/int": ["@3-/int@0.1.1", "", {}, "sha512-hBH7ZmKIwSH4URleqo6U0ovTXGXGMEi2Xgr2KxPPcxSlxtoi3Mdsx6MFQz9U484bXpovJulXXwK/aUye0Gqzkw=="],

    "@3-/plimit": ["@3-/plimit@0.1.3", "", {}, "sha512-kzoZ7NdplML8Tyrd7Fr9knHs8t/t3ULuw7KbFq46apGevN7q1Pn6v/jQjdjpalwpN51HcvgSB4LgXeZLOXAvxA=="],

    "@3-/txt_li": ["@3-/txt_li@0.1.8", "", {}, "sha512-eib4davdO9q/dQqSz9CNe8geGATaX3Y9s2T8FBGuYwOAb+XFYsFb0wwNrSG/2b7WDwwIfDDfLepAfhT/tv1Ihg=="],

    "@3-/u8": ["@3-/u8@0.1.2", "", {}, "sha512-FBto/4tgnBnfSf/oesX5fq4mC6IXnzCzdb1w/CQpJEHBl2jLckloVrxvPAOfFTFXxPsd3U56swE7kvNQHI8pAA=="],

    "@3-/utf8": ["@3-/utf8@0.1.1", "", {}, "sha512-WnbRCw6zRiSuHDdHqB88Th9pwmu2Y1aOs/jgK0g6ZIiVS8rDaTDV4XEGF8XOuVdzCGQPoTR3IgIKM5+05tugCQ=="],

    "@3-/vb": ["@3-/vb@0.1.6", "", {}, "sha512-oxv/UD8RR/H9k8RaOA+3fqNuhPhrEZL+xDjtrHt+kZK8W4AEp/NcGBcNU1JtIG6/MQvEJ5IeHq9i7SX1JBA++Q=="],

    "@3-/write": ["@3-/write@0.0.2", "", {}, "sha512-eFLP3Vsh66Xhw4hYsiYUOBaH/Gciu1DNfWeJTN9MO/yNZB6cg1LvtnxNF9nwOoAzT4oaCLmT0jjFe5J96//Zew=="],
  }
}
