{
  "lockfileVersion": 1,
  "configVersion": 1,
  "workspaces": {
    "": {
      "name": "@1-/findgit",
      "dependencies": {
        "@1-/find": "^0.1.0",
      },
    },
  },
  "packages": {
    "@1-/find": ["@1-/find@0.1.0", "", {}, "sha512-DKEV8WS8utc5x+E0GI4Wz/6b7gvR1jryj7rSeLhG9pbh/3BWccHtZoJSfo7UROhmMqDV5f/2BviZV9wMeNcOtQ=="],
  }
}
