{
  "lockfileVersion": 1,
  "configVersion": 1,
  "workspaces": {
    "": {
      "name": "@1-/walk",
      "dependencies": {
        "@3-/plimit": "^0.1.3",
      },
      "devDependencies": {
        "@3-/sleep": "^0.0.4",
      },
    },
  },
  "packages": {
    "@3-/plimit": ["@3-/plimit@0.1.3", "", {}, "sha512-kzoZ7NdplML8Tyrd7Fr9knHs8t/t3ULuw7KbFq46apGevN7q1Pn6v/jQjdjpalwpN51HcvgSB4LgXeZLOXAvxA=="],

    "@3-/sleep": ["@3-/sleep@0.0.4", "", {}, "sha512-hxWtyS7EX7efFJyJeMfEZ/csPIklA4EtYFSRKOy29E7RyPOHxRhopYlgmiPs8K4X7XrODj2P3NTJsuhGKlDYPQ=="],
  }
}
